
Microsoft Visual Studio Solution File, Format Version 12.00
# Visual Studio 2012
Project("{FAE04EC0-301F-11D3-BF4B-00C04F79EFBC}") = "Phoneword_IOS", "Phoneword_IOS\Phoneword_IOS.csproj", "{CB0FA3A2-194E-4137-9F73-543824DEDEAC}"
EndProject
Global
	GlobalSection(SolutionConfigurationPlatforms) = preSolution
		Debug|iPhoneSimulator = Debug|iPhoneSimulator
		Release|iPhone = Release|iPhone
		Release|iPhoneSimulator = Release|iPhoneSimulator
		Debug|iPhone = Debug|iPhone
	EndGlobalSection
	GlobalSection(ProjectConfigurationPlatforms) = postSolution
		{CB0FA3A2-194E-4137-9F73-543824DEDEAC}.Debug|iPhoneSimulator.ActiveCfg = Debug|iPhoneSimulator
		{CB0FA3A2-194E-4137-9F73-543824DEDEAC}.Debug|iPhoneSimulator.Build.0 = Debug|iPhoneSimulator
		{CB0FA3A2-194E-4137-9F73-543824DEDEAC}.Release|iPhone.ActiveCfg = Release|iPhone
		{CB0FA3A2-194E-4137-9F73-543824DEDEAC}.Release|iPhone.Build.0 = Release|iPhone
		{CB0FA3A2-194E-4137-9F73-543824DEDEAC}.Release|iPhoneSimulator.ActiveCfg = Release|iPhoneSimulator
		{CB0FA3A2-194E-4137-9F73-543824DEDEAC}.Release|iPhoneSimulator.Build.0 = Release|iPhoneSimulator
		{CB0FA3A2-194E-4137-9F73-543824DEDEAC}.Debug|iPhone.ActiveCfg = Debug|iPhone
		{CB0FA3A2-194E-4137-9F73-543824DEDEAC}.Debug|iPhone.Build.0 = Debug|iPhone
	EndGlobalSection
EndGlobal
